
Microsoft Visual Studio Solution File, Format Version 12.00
# Visual Studio Version 17
VisualStudioVersion = 17.0.31903.59
MinimumVisualStudioVersion = 10.0.40219.1
Project("{FAE04EC0-301F-11D3-BF4B-00C04F79EFBC}") = "OnIT.Smtp.Core", "src\OnIT.Smtp.Core\OnIT.Smtp.Core.csproj", "{297EF3C3-9CD1-479F-ADEC-BA382AA3419B}"
EndProject
Project("{FAE04EC0-301F-11D3-BF4B-00C04F79EFBC}") = "OnIT.Smtp.Service", "src\OnIT.Smtp.Service\OnIT.Smtp.Service.csproj", "{9C84E4C8-2E08-4313-ADE3-10337F0A3577}"
EndProject
Project("{FAE04EC0-301F-11D3-BF4B-00C04F79EFBC}") = "OnIT.Smtp.ConfigTool", "src\OnIT.Smtp.ConfigTool\OnIT.Smtp.ConfigTool.csproj", "{B84B5EA4-3569-4292-9309-46DA75B3E66B}"
EndProject
Project("{FAE04EC0-301F-11D3-BF4B-00C04F79EFBC}") = "OnIT.Smtp.Core.Tests", "tests\OnIT.Smtp.Core.Tests\OnIT.Smtp.Core.Tests.csproj", "{28AE4F2C-C5D3-4B02-9B20-487A647CBE85}"
EndProject
Project("{FAE04EC0-301F-11D3-BF4B-00C04F79EFBC}") = "OnIT.Smtp.Bridge", "src\OnIT.Smtp.Bridge\OnIT.Smtp.Bridge.csproj", "{C279348A-D8A3-42A1-AB84-2DB84DC0A632}"
EndProject
Global
	GlobalSection(SolutionConfigurationPlatforms) = preSolution
		Debug|Any CPU = Debug|Any CPU
		Release|Any CPU = Release|Any CPU
	EndGlobalSection
	GlobalSection(ProjectConfigurationPlatforms) = postSolution
		{297EF3C3-9CD1-479F-ADEC-BA382AA3419B}.Debug|Any CPU.ActiveCfg = Debug|Any CPU
		{297EF3C3-9CD1-479F-ADEC-BA382AA3419B}.Debug|Any CPU.Build.0 = Debug|Any CPU
		{297EF3C3-9CD1-479F-ADEC-BA382AA3419B}.Release|Any CPU.ActiveCfg = Release|Any CPU
		{297EF3C3-9CD1-479F-ADEC-BA382AA3419B}.Release|Any CPU.Build.0 = Release|Any CPU
		{9C84E4C8-2E08-4313-ADE3-10337F0A3577}.Debug|Any CPU.ActiveCfg = Debug|Any CPU
		{9C84E4C8-2E08-4313-ADE3-10337F0A3577}.Debug|Any CPU.Build.0 = Debug|Any CPU
		{9C84E4C8-2E08-4313-ADE3-10337F0A3577}.Release|Any CPU.ActiveCfg = Release|Any CPU
		{9C84E4C8-2E08-4313-ADE3-10337F0A3577}.Release|Any CPU.Build.0 = Release|Any CPU
		{B84B5EA4-3569-4292-9309-46DA75B3E66B}.Debug|Any CPU.ActiveCfg = Debug|Any CPU
		{B84B5EA4-3569-4292-9309-46DA75B3E66B}.Debug|Any CPU.Build.0 = Debug|Any CPU
		{B84B5EA4-3569-4292-9309-46DA75B3E66B}.Release|Any CPU.ActiveCfg = Release|Any CPU
		{B84B5EA4-3569-4292-9309-46DA75B3E66B}.Release|Any CPU.Build.0 = Release|Any CPU
		{28AE4F2C-C5D3-4B02-9B20-487A647CBE85}.Debug|Any CPU.ActiveCfg = Debug|Any CPU
		{28AE4F2C-C5D3-4B02-9B20-487A647CBE85}.Debug|Any CPU.Build.0 = Debug|Any CPU
		{28AE4F2C-C5D3-4B02-9B20-487A647CBE85}.Release|Any CPU.ActiveCfg = Release|Any CPU
		{28AE4F2C-C5D3-4B02-9B20-487A647CBE85}.Release|Any CPU.Build.0 = Release|Any CPU
		{C279348A-D8A3-42A1-AB84-2DB84DC0A632}.Debug|Any CPU.ActiveCfg = Debug|Any CPU
		{C279348A-D8A3-42A1-AB84-2DB84DC0A632}.Debug|Any CPU.Build.0 = Debug|Any CPU
		{C279348A-D8A3-42A1-AB84-2DB84DC0A632}.Release|Any CPU.ActiveCfg = Release|Any CPU
		{C279348A-D8A3-42A1-AB84-2DB84DC0A632}.Release|Any CPU.Build.0 = Release|Any CPU
	EndGlobalSection
	GlobalSection(SolutionProperties) = preSolution
		HideSolutionNode = FALSE
	EndGlobalSection
EndGlobal
